
Microsoft Visual Studio Solution File, Format Version 12.00
# Visual Studio Version 17
VisualStudioVersion = 17.8.34330.188
MinimumVisualStudioVersion = 10.0.40219.1
Project("{FAE04EC0-301F-11D3-BF4B-00C04F79EFBC}") = "pr18", "pr18.csproj", "{C3460FE5-A90A-47E8-8EC8-EA5DBD3947CC}"
EndProject
Global
	GlobalSection(SolutionConfigurationPlatforms) = preSolution
		Debug|Any CPU = Debug|Any CPU
		Release|Any CPU = Release|Any CPU
	EndGlobalSection
	GlobalSection(ProjectConfigurationPlatforms) = postSolution
		{C3460FE5-A90A-47E8-8EC8-EA5DBD3947CC}.Debug|Any CPU.ActiveCfg = Debug|Any CPU
		{C3460FE5-A90A-47E8-8EC8-EA5DBD3947CC}.Debug|Any CPU.Build.0 = Debug|Any CPU
		{C3460FE5-A90A-47E8-8EC8-EA5DBD3947CC}.Release|Any CPU.ActiveCfg = Release|Any CPU
		{C3460FE5-A90A-47E8-8EC8-EA5DBD3947CC}.Release|Any CPU.Build.0 = Release|Any CPU
	EndGlobalSection
	GlobalSection(SolutionProperties) = preSolution
		HideSolutionNode = FALSE
	EndGlobalSection
	GlobalSection(ExtensibilityGlobals) = postSolution
		SolutionGuid = {C6E7916B-CCBE-4383-8C5C-F5DD540A93E7}
	EndGlobalSection
EndGlobal
